PODS:
  - ModernAVPlayer2/Core (1.7.8)
  - ModernAVPlayer2/RxSwift (1.7.8):
    - ModernAVPlayer2/Core
    - RxCocoa (~> 6.0)
    - RxSwift (~> 6.0)
  - Nimble (8.0.4)
  - Quick (2.2.0)
  - RxCocoa (6.9.0):
    - RxRelay (= 6.9.0)
    - RxSwift (= 6.9.0)
  - RxRelay (6.9.0):
    - RxSwift (= 6.9.0)
  - RxSwift (6.9.0)
  - Sourcery (2.3.0):
    - Sourcery/CLI-Only (= 2.3.0)
  - Sourcery/CLI-Only (2.3.0)
  - SwiftLint (0.38.2)
  - SwiftyMocky (3.5.0):
    - SwiftyMocky/Core (= 3.5.0)
  - SwiftyMocky/Core (3.5.0):
    - Sourcery (>= 0.17)

DEPENDENCIES:
  - ModernAVPlayer2/RxSwift (from `.`)
  - Nimble (= 8.0.4)
  - Quick (= 2.2.0)
  - SwiftLint (= 0.38.2)
  - SwiftyMocky (= 3.5.0)

SPEC REPOS:
  trunk:
    - Nimble
    - Quick
    - RxCocoa
    - RxRelay
    - RxSwift
    - Sourcery
    - SwiftLint
    - SwiftyMocky

EXTERNAL SOURCES:
  ModernAVPlayer2:
    :path: "."

SPEC CHECKSUMS:
  ModernAVPlayer2: 4985759b4a1f8be2d0c05a409029eb4a5cc0a936
  Nimble: 18d5360282923225d62b09d781f63abc1a0111fc
  Quick: 7fb19e13be07b5dfb3b90d4f9824c855a11af40e
  RxCocoa: ac16414696ae706516be3e1ab00fcce5bdc9be8a
  RxRelay: 6b0c930e5cef57d5fe2032571e5e65b78e3cbdb1
  RxSwift: 31649ace6aceeb422e16ff71c60804f9c3281ed9
  Sourcery: 521dc708d3d473409e69f1fe7740051a1294d8a4
  SwiftLint: 8f5d2f903e1c9bcbc832fd16771e80a263ac6cbb
  SwiftyMocky: f277174040db328a9da04ce8efa81b6d6d5b9d7d

PODFILE CHECKSUM: 1e2afe9c21ab1f24302f033a66dad78a13cee023

COCOAPODS: 1.16.2
